dependencies:
- name: kube-lego
  repository: https://kubernetes-charts.storage.googleapis.com/
  version: 0.4.0
- name: external-dns
  repository: https://kubernetes-charts.storage.googleapis.com/
  version: 0.4.9
- name: heapster
  repository: https://kubernetes-charts.storage.googleapis.com/
  version: 0.2.7
- name: kubernetes-dashboard
  repository: https://kubernetes-charts.storage.googleapis.com/
  version: 0.5.3
- name: kube2iam
  repository: file://../kube2iam
  version: 0.9.1
digest: sha256:cfd3782299147765d45245565ae5c1e31bf26d3b6f3f8a7b0521dbf7aefcfb0c
generated: 2018-07-12T20:37:31.539565587+02:00
