dependencies:
- name: kube-lego
  repository: https://kubernetes-charts.storage.googleapis.com/
  version: 0.4.0
- name: external-dns
  repository: https://kubernetes-charts.storage.googleapis.com/
  version: 0.4.9
- name: heapster
  repository: https://kubernetes-charts.storage.googleapis.com/
  version: 0.2.7
- name: kubernetes-dashboard
  repository: https://kubernetes-charts.storage.googleapis.com/
  version: 0.5.3
- name: kube2iam
  repository: https://kubernetes-charts.storage.googleapis.com/
  version: 0.8.0
digest: sha256:a811fbab0c848da3577d150c0bf87c2171bdb05a7cfcbbf6510d126a512efa55
generated: 2018-07-12T19:30:51.117635651+02:00
